
Microsoft Visual Studio Solution File, Format Version 12.00
# Visual Studio Version 17
VisualStudioVersion = 17.6.33417.168
MinimumVisualStudioVersion = 10.0.40219.1
Project("{9A19103F-16F7-4668-BE54-9A1E7A4F7556}") = "GeekBurger.Products", "GeekBurger.Products\GeekBurger.Products.csproj", "{2E198612-136C-4DC7-B4BC-819DF70FF8D0}"
EndProject
Project("{FAE04EC0-301F-11D3-BF4B-00C04F79EFBC}") = "GeekBurger.Products.Contract", "GeekBurger.Products.Contract\GeekBurger.Products.Contract.csproj", "{48CF17A8-F563-4F12-AFC0-406F6B3F855C}"
EndProject
Project("{9A19103F-16F7-4668-BE54-9A1E7A4F7556}") = "ServiceBus22NET", "ServiceBus22NET\ServiceBus22NET.csproj", "{BC528946-4F5C-4B58-9970-3DA926B52294}"
EndProject
Project("{FAE04EC0-301F-11D3-BF4B-00C04F79EFBC}") = "GeekBurger.Service.Contract", "GeekBurger.Service.Contract\GeekBurger.Service.Contract.csproj", "{03B5C096-E6C7-4A02-BA17-6D9ECA0ABB7E}"
EndProject
Global
	GlobalSection(SolutionConfigurationPlatforms) = preSolution
		Debug|Any CPU = Debug|Any CPU
		Release|Any CPU = Release|Any CPU
	EndGlobalSection
	GlobalSection(ProjectConfigurationPlatforms) = postSolution
		{2E198612-136C-4DC7-B4BC-819DF70FF8D0}.Debug|Any CPU.ActiveCfg = Debug|Any CPU
		{2E198612-136C-4DC7-B4BC-819DF70FF8D0}.Debug|Any CPU.Build.0 = Debug|Any CPU
		{2E198612-136C-4DC7-B4BC-819DF70FF8D0}.Release|Any CPU.ActiveCfg = Release|Any CPU
		{2E198612-136C-4DC7-B4BC-819DF70FF8D0}.Release|Any CPU.Build.0 = Release|Any CPU
		{48CF17A8-F563-4F12-AFC0-406F6B3F855C}.Debug|Any CPU.ActiveCfg = Debug|Any CPU
		{48CF17A8-F563-4F12-AFC0-406F6B3F855C}.Debug|Any CPU.Build.0 = Debug|Any CPU
		{48CF17A8-F563-4F12-AFC0-406F6B3F855C}.Release|Any CPU.ActiveCfg = Release|Any CPU
		{48CF17A8-F563-4F12-AFC0-406F6B3F855C}.Release|Any CPU.Build.0 = Release|Any CPU
		{BC528946-4F5C-4B58-9970-3DA926B52294}.Debug|Any CPU.ActiveCfg = Debug|Any CPU
		{BC528946-4F5C-4B58-9970-3DA926B52294}.Debug|Any CPU.Build.0 = Debug|Any CPU
		{BC528946-4F5C-4B58-9970-3DA926B52294}.Release|Any CPU.ActiveCfg = Release|Any CPU
		{BC528946-4F5C-4B58-9970-3DA926B52294}.Release|Any CPU.Build.0 = Release|Any CPU
		{03B5C096-E6C7-4A02-BA17-6D9ECA0ABB7E}.Debug|Any CPU.ActiveCfg = Debug|Any CPU
		{03B5C096-E6C7-4A02-BA17-6D9ECA0ABB7E}.Debug|Any CPU.Build.0 = Debug|Any CPU
		{03B5C096-E6C7-4A02-BA17-6D9ECA0ABB7E}.Release|Any CPU.ActiveCfg = Release|Any CPU
		{03B5C096-E6C7-4A02-BA17-6D9ECA0ABB7E}.Release|Any CPU.Build.0 = Release|Any CPU
	EndGlobalSection
	GlobalSection(SolutionProperties) = preSolution
		HideSolutionNode = FALSE
	EndGlobalSection
	GlobalSection(ExtensibilityGlobals) = postSolution
		SolutionGuid = {16142219-DB0C-4DCA-91C0-06F028367082}
	EndGlobalSection
EndGlobal
